
Microsoft Visual Studio Solution File, Format Version 12.00
# Visual Studio Version 17
VisualStudioVersion = 17.9.34714.143
MinimumVisualStudioVersion = 10.0.40219.1
Project("{8BC9CEB8-8B4A-11D0-8D11-00A0C91BC942}") = "4.6.2.Class_counter", "4.6.2.Class_counter.vcxproj", "{A31D996A-56A5-4B34-9543-8613C9718D4A}"
EndProject
Global
	GlobalSection(SolutionConfigurationPlatforms) = preSolution
		Debug|x64 = Debug|x64
		Debug|x86 = Debug|x86
		Release|x64 = Release|x64
		Release|x86 = Release|x86
	EndGlobalSection
	GlobalSection(ProjectConfigurationPlatforms) = postSolution
		{A31D996A-56A5-4B34-9543-8613C9718D4A}.Debug|x64.ActiveCfg = Debug|x64
		{A31D996A-56A5-4B34-9543-8613C9718D4A}.Debug|x64.Build.0 = Debug|x64
		{A31D996A-56A5-4B34-9543-8613C9718D4A}.Debug|x86.ActiveCfg = Debug|Win32
		{A31D996A-56A5-4B34-9543-8613C9718D4A}.Debug|x86.Build.0 = Debug|Win32
		{A31D996A-56A5-4B34-9543-8613C9718D4A}.Release|x64.ActiveCfg = Release|x64
		{A31D996A-56A5-4B34-9543-8613C9718D4A}.Release|x64.Build.0 = Release|x64
		{A31D996A-56A5-4B34-9543-8613C9718D4A}.Release|x86.ActiveCfg = Release|Win32
		{A31D996A-56A5-4B34-9543-8613C9718D4A}.Release|x86.Build.0 = Release|Win32
	EndGlobalSection
	GlobalSection(SolutionProperties) = preSolution
		HideSolutionNode = FALSE
	EndGlobalSection
	GlobalSection(ExtensibilityGlobals) = postSolution
		SolutionGuid = {92B88D59-4DFA-4544-BB3D-11ADD24FB2E3}
	EndGlobalSection
EndGlobal
